// !$*UTF8*$!
{
	archiveVersion = 1;
	classes = {
	};
	objectVersion = 52;
	objects = {

/* Begin PBXBuildFile section */
		ED6E757E25F51FE2006387CA /* AppDelegate.swift in Sources */ = {isa = PBXBuildFile; fileRef = ED6E757D25F51FE2006387CA /* AppDelegate.swift */; };
		ED6E758225F51FE3006387CA /* Assets.xcassets in Resources */ = {isa = PBXBuildFile; fileRef = ED6E758125F51FE3006387CA /* Assets.xcassets */; };
		ED6E758525F51FE3006387CA /* Main.storyboard in Resources */ = {isa = PBXBuildFile; fileRef = ED6E758325F51FE3006387CA /* Main.storyboard */; };
		ED6E759025F5204B006387CA /* Just in Frameworks */ = {isa = PBXBuildFile; productRef = ED6E758F25F5204B006387CA /* Just */; };
		ED6E759425F5224B006387CA /* JWTComponents in Frameworks */ = {isa = PBXBuildFile; productRef = ED6E759325F5224B006387CA /* JWTComponents */; };
		ED6E759925F522EC006387CA /* Then in Frameworks */ = {isa = PBXBuildFile; productRef = ED6E759825F522EC006387CA /* Then */; };
		ED6E759D25F52C45006387CA /* CryptoAsset.swift in Sources */ = {isa = PBXBuildFile; fileRef = ED6E759C25F52C45006387CA /* CryptoAsset.swift */; };
		ED6E75A225F52DE1006387CA /* UpbitServices.swift in Sources */ = {isa = PBXBuildFile; fileRef = ED6E75A125F52DE1006387CA /* UpbitServices.swift */; };
		ED6E75A725F53056006387CA /* Logging in Frameworks */ = {isa = PBXBuildFile; productRef = ED6E75A625F53056006387CA /* Logging */; };
		ED6E75AA25F5325A006387CA /* Ticker.swift in Sources */ = {isa = PBXBuildFile; fileRef = ED6E75A925F5325A006387CA /* Ticker.swift */; };
		ED6E75AD25F54617006387CA /* Cryptocurrency.swift in Sources */ = {isa = PBXBuildFile; fileRef = ED6E75AC25F54617006387CA /* Cryptocurrency.swift */; };
		ED6E75B125F54B0E006387CA /* LaunchAtLogin in Frameworks */ = {isa = PBXBuildFile; productRef = ED6E75B025F54B0E006387CA /* LaunchAtLogin */; };
		ED6E75B425F54B6C006387CA /* UPbitAPI.swift in Sources */ = {isa = PBXBuildFile; fileRef = ED6E75B325F54B6C006387CA /* UPbitAPI.swift */; };
		ED6E765625F648E8006387CA /* SettingViewController.swift in Sources */ = {isa = PBXBuildFile; fileRef = ED6E765525F648E8006387CA /* SettingViewController.swift */; };
		ED6E765A25F64BC5006387CA /* SnapKit in Frameworks */ = {isa = PBXBuildFile; productRef = ED6E765925F64BC5006387CA /* SnapKit */; };
		ED6E772125F67802006387CA /* UserInfo.swift in Sources */ = {isa = PBXBuildFile; fileRef = ED6E772025F67802006387CA /* UserInfo.swift */; };
		ED6E772A25F6836E006387CA /* Notifications.swift in Sources */ = {isa = PBXBuildFile; fileRef = ED6E772925F6836E006387CA /* Notifications.swift */; };
/* End PBXBuildFile section */

/* Begin PBXFileReference section */
		ED6E757A25F51FE2006387CA /* upbitBar.app */ = {isa = PBXFileReference; explicitFileType = wrapper.application; includeInIndex = 0; path = upbitBar.app; sourceTree = BUILT_PRODUCTS_DIR; };
		ED6E757D25F51FE2006387CA /* AppDelegate.swift */ = {isa = PBXFileReference; lastKnownFileType = sourcecode.swift; path = AppDelegate.swift; sourceTree = "<group>"; };
		ED6E758125F51FE3006387CA /* Assets.xcassets */ = {isa = PBXFileReference; lastKnownFileType = folder.assetcatalog; path = Assets.xcassets; sourceTree = "<group>"; };
		ED6E758425F51FE3006387CA /* Base */ = {isa = PBXFileReference; lastKnownFileType = file.storyboard; name = Base; path = Base.lproj/Main.storyboard; sourceTree = "<group>"; };
		ED6E758625F51FE3006387CA /* Info.plist */ = {isa = PBXFileReference; lastKnownFileType = text.plist.xml; path = Info.plist; sourceTree = "<group>"; };
		ED6E758725F51FE3006387CA /* upbitBar.entitlements */ = {isa = PBXFileReference; lastKnownFileType = text.plist.entitlements; path = upbitBar.entitlements; sourceTree = "<group>"; };
		ED6E759C25F52C45006387CA /* CryptoAsset.swift */ = {isa = PBXFileReference; lastKnownFileType = sourcecode.swift; path = CryptoAsset.swift; sourceTree = "<group>"; };
		ED6E75A125F52DE1006387CA /* UpbitServices.swift */ = {isa = PBXFileReference; lastKnownFileType = sourcecode.swift; path = UpbitServices.swift; sourceTree = "<group>"; };
		ED6E75A925F5325A006387CA /* Ticker.swift */ = {isa = PBXFileReference; lastKnownFileType = sourcecode.swift; path = Ticker.swift; sourceTree = "<group>"; };
		ED6E75AC25F54617006387CA /* Cryptocurrency.swift */ = {isa = PBXFileReference; lastKnownFileType = sourcecode.swift; path = Cryptocurrency.swift; sourceTree = "<group>"; };
		ED6E75B325F54B6C006387CA /* UPbitAPI.swift */ = {isa = PBXFileReference; lastKnownFileType = sourcecode.swift; path = UPbitAPI.swift; sourceTree = "<group>"; };
		ED6E765525F648E8006387CA /* SettingViewController.swift */ = {isa = PBXFileReference; lastKnownFileType = sourcecode.swift; path = SettingViewController.swift; sourceTree = "<group>"; };
		ED6E772025F67802006387CA /* UserInfo.swift */ = {isa = PBXFileReference; lastKnownFileType = sourcecode.swift; path = UserInfo.swift; sourceTree = "<group>"; };
		ED6E772925F6836E006387CA /* Notifications.swift */ = {isa = PBXFileReference; lastKnownFileType = sourcecode.swift; path = Notifications.swift; sourceTree = "<group>"; };
/* End PBXFileReference section */

/* Begin PBXFrameworksBuildPhase section */
		ED6E757725F51FE2006387CA /* Frameworks */ = {
			isa = PBXFrameworksBuildPhase;
			buildActionMask = 2147483647;
			files = (
				ED6E759425F5224B006387CA /* JWTComponents in Frameworks */,
				ED6E759925F522EC006387CA /* Then in Frameworks */,
				ED6E75A725F53056006387CA /* Logging in Frameworks */,
				ED6E765A25F64BC5006387CA /* SnapKit in Frameworks */,
				ED6E75B125F54B0E006387CA /* LaunchAtLogin in Frameworks */,
				ED6E759025F5204B006387CA /* Just in Frameworks */,
			);
			runOnlyForDeploymentPostprocessing = 0;
		};
/* End PBXFrameworksBuildPhase section */

/* Begin PBXGroup section */
		ED6E757125F51FE2006387CA = {
			isa = PBXGroup;
			children = (
				ED6E757C25F51FE2006387CA /* Sources */,
				ED6E757B25F51FE2006387CA /* Products */,
			);
			sourceTree = "<group>";
		};
		ED6E757B25F51FE2006387CA /* Products */ = {
			isa = PBXGroup;
			children = (
				ED6E757A25F51FE2006387CA /* upbitBar.app */,
			);
			name = Products;
			sourceTree = "<group>";
		};
		ED6E757C25F51FE2006387CA /* Sources */ = {
			isa = PBXGroup;
			children = (
				ED6E771A25F677D5006387CA /* Utils */,
				ED6E75A025F52DCF006387CA /* Networking */,
				ED6E759B25F52BD1006387CA /* Models */,
				ED6E757D25F51FE2006387CA /* AppDelegate.swift */,
				ED6E758125F51FE3006387CA /* Assets.xcassets */,
				ED6E758325F51FE3006387CA /* Main.storyboard */,
				ED6E758625F51FE3006387CA /* Info.plist */,
				ED6E758725F51FE3006387CA /* upbitBar.entitlements */,
				ED6E765525F648E8006387CA /* SettingViewController.swift */,
			);
			path = Sources;
			sourceTree = "<group>";
		};
		ED6E759B25F52BD1006387CA /* Models */ = {
			isa = PBXGroup;
			children = (
				ED6E759C25F52C45006387CA /* CryptoAsset.swift */,
				ED6E75A925F5325A006387CA /* Ticker.swift */,
				ED6E75AC25F54617006387CA /* Cryptocurrency.swift */,
			);
			path = Models;
			sourceTree = "<group>";
		};
		ED6E75A025F52DCF006387CA /* Networking */ = {
			isa = PBXGroup;
			children = (
				ED6E75A125F52DE1006387CA /* UpbitServices.swift */,
				ED6E75B325F54B6C006387CA /* UPbitAPI.swift */,
			);
			path = Networking;
			sourceTree = "<group>";
		};
		ED6E771A25F677D5006387CA /* Utils */ = {
			isa = PBXGroup;
			children = (
				ED6E772025F67802006387CA /* UserInfo.swift */,
				ED6E772925F6836E006387CA /* Notifications.swift */,
			);
			path = Utils;
			sourceTree = "<group>";
		};
/* End PBXGroup section */

/* Begin PBXNativeTarget section */
		ED6E757925F51FE2006387CA /* upbitBar */ = {
			isa = PBXNativeTarget;
			buildConfigurationList = ED6E758A25F51FE4006387CA /* Build configuration list for PBXNativeTarget "upbitBar" */;
			buildPhases = (
				ED6E757625F51FE2006387CA /* Sources */,
				ED6E757725F51FE2006387CA /* Frameworks */,
				ED6E757825F51FE2006387CA /* Resources */,
			);
			buildRules = (
			);
			dependencies = (
			);
			name = upbitBar;
			packageProductDependencies = (
				ED6E758F25F5204B006387CA /* Just */,
				ED6E759325F5224B006387CA /* JWTComponents */,
				ED6E759825F522EC006387CA /* Then */,
				ED6E75A625F53056006387CA /* Logging */,
				ED6E75B025F54B0E006387CA /* LaunchAtLogin */,
				ED6E765925F64BC5006387CA /* SnapKit */,
			);
			productName = upbitBar;
			productReference = ED6E757A25F51FE2006387CA /* upbitBar.app */;
			productType = "com.apple.product-type.application";
		};
/* End PBXNativeTarget section */

/* Begin PBXProject section */
		ED6E757225F51FE2006387CA /* Project object */ = {
			isa = PBXProject;
			attributes = {
				LastSwiftUpdateCheck = 1240;
				LastUpgradeCheck = 1240;
				TargetAttributes = {
					ED6E757925F51FE2006387CA = {
						CreatedOnToolsVersion = 12.4;
					};
				};
			};
			buildConfigurationList = ED6E757525F51FE2006387CA /* Build configuration list for PBXProject "upbitBar" */;
			compatibilityVersion = "Xcode 9.3";
			developmentRegion = en;
			hasScannedForEncodings = 0;
			knownRegions = (
				en,
				Base,
			);
			mainGroup = ED6E757125F51FE2006387CA;
			packageReferences = (
				ED6E758E25F5204B006387CA /* XCRemoteSwiftPackageReference "Just" */,
				ED6E759225F5224B006387CA /* XCRemoteSwiftPackageReference "JWTComponents" */,
				ED6E759725F522EC006387CA /* XCRemoteSwiftPackageReference "then" */,
				ED6E75A525F53056006387CA /* XCRemoteSwiftPackageReference "swift-log" */,
				ED6E75AF25F54B0E006387CA /* XCRemoteSwiftPackageReference "LaunchAtLogin" */,
				ED6E765825F64BC5006387CA /* XCRemoteSwiftPackageReference "SnapKit" */,
			);
			productRefGroup = ED6E757B25F51FE2006387CA /* Products */;
			projectDirPath = "";
			projectRoot = "";
			targets = (
				ED6E757925F51FE2006387CA /* upbitBar */,
			);
		};
/* End PBXProject section */

/* Begin PBXResourcesBuildPhase section */
		ED6E757825F51FE2006387CA /* Resources */ = {
			isa = PBXResourcesBuildPhase;
			buildActionMask = 2147483647;
			files = (
				ED6E758225F51FE3006387CA /* Assets.xcassets in Resources */,
				ED6E758525F51FE3006387CA /* Main.storyboard in Resources */,
			);
			runOnlyForDeploymentPostprocessing = 0;
		};
/* End PBXResourcesBuildPhase section */

/* Begin PBXSourcesBuildPhase section */
		ED6E757625F51FE2006387CA /* Sources */ = {
			isa = PBXSourcesBuildPhase;
			buildActionMask = 2147483647;
			files = (
				ED6E759D25F52C45006387CA /* CryptoAsset.swift in Sources */,
				ED6E75AD25F54617006387CA /* Cryptocurrency.swift in Sources */,
				ED6E765625F648E8006387CA /* SettingViewController.swift in Sources */,
				ED6E772A25F6836E006387CA /* Notifications.swift in Sources */,
				ED6E75AA25F5325A006387CA /* Ticker.swift in Sources */,
				ED6E75B425F54B6C006387CA /* UPbitAPI.swift in Sources */,
				ED6E75A225F52DE1006387CA /* UpbitServices.swift in Sources */,
				ED6E772125F67802006387CA /* UserInfo.swift in Sources */,
				ED6E757E25F51FE2006387CA /* AppDelegate.swift in Sources */,
			);
			runOnlyForDeploymentPostprocessing = 0;
		};
/* End PBXSourcesBuildPhase section */

/* Begin PBXVariantGroup section */
		ED6E758325F51FE3006387CA /* Main.storyboard */ = {
			isa = PBXVariantGroup;
			children = (
				ED6E758425F51FE3006387CA /* Base */,
			);
			name = Main.storyboard;
			sourceTree = "<group>";
		};
/* End PBXVariantGroup section */

/* Begin XCBuildConfiguration section */
		ED6E758825F51FE3006387CA /* Debug */ = {
			isa = XCBuildConfiguration;
			buildSettings = {
				ALWAYS_SEARCH_USER_PATHS = NO;
				CLANG_ANALYZER_NONNULL = YES;
				CLANG_ANALYZER_NUMBER_OBJECT_CONVERSION = YES_AGGRESSIVE;
				CLANG_CXX_LANGUAGE_STANDARD = "gnu++14";
				CLANG_CXX_LIBRARY = "libc++";
				CLANG_ENABLE_MODULES = YES;
				CLANG_ENABLE_OBJC_ARC = YES;
				CLANG_ENABLE_OBJC_WEAK = YES;
				CLANG_WARN_BLOCK_CAPTURE_AUTORELEASING = YES;
				CLANG_WARN_BOOL_CONVERSION = YES;
				CLANG_WARN_COMMA = YES;
				CLANG_WARN_CONSTANT_CONVERSION = YES;
				CLANG_WARN_DEPRECATED_OBJC_IMPLEMENTATIONS = YES;
				CLANG_WARN_DIRECT_OBJC_ISA_USAGE = YES_ERROR;
				CLANG_WARN_DOCUMENTATION_COMMENTS = YES;
				CLANG_WARN_EMPTY_BODY = YES;
				CLANG_WARN_ENUM_CONVERSION = YES;
				CLANG_WARN_INFINITE_RECURSION = YES;
				CLANG_WARN_INT_CONVERSION = YES;
				CLANG_WARN_NON_LITERAL_NULL_CONVERSION = YES;
				CLANG_WARN_OBJC_IMPLICIT_RETAIN_SELF = YES;
				CLANG_WARN_OBJC_LITERAL_CONVERSION = YES;
				CLANG_WARN_OBJC_ROOT_CLASS = YES_ERROR;
				CLANG_WARN_QUOTED_INCLUDE_IN_FRAMEWORK_HEADER = YES;
				CLANG_WARN_RANGE_LOOP_ANALYSIS = YES;
				CLANG_WARN_STRICT_PROTOTYPES = YES;
				CLANG_WARN_SUSPICIOUS_MOVE = YES;
				CLANG_WARN_UNGUARDED_AVAILABILITY = YES_AGGRESSIVE;
				CLANG_WARN_UNREACHABLE_CODE = YES;
				CLANG_WARN__DUPLICATE_METHOD_MATCH = YES;
				COPY_PHASE_STRIP = NO;
				DEBUG_INFORMATION_FORMAT = dwarf;
				ENABLE_STRICT_OBJC_MSGSEND = YES;
				ENABLE_TESTABILITY = YES;
				GCC_C_LANGUAGE_STANDARD = gnu11;
				GCC_DYNAMIC_NO_PIC = NO;
				GCC_NO_COMMON_BLOCKS = YES;
				GCC_OPTIMIZATION_LEVEL = 0;
				GCC_PREPROCESSOR_DEFINITIONS = (
					"DEBUG=1",
					"$(inherited)",
				);
				GCC_WARN_64_TO_32_BIT_CONVERSION = YES;
				GCC_WARN_ABOUT_RETURN_TYPE = YES_ERROR;
				GCC_WARN_UNDECLARED_SELECTOR = YES;
				GCC_WARN_UNINITIALIZED_AUTOS = YES_AGGRESSIVE;
				GCC_WARN_UNUSED_FUNCTION = YES;
				GCC_WARN_UNUSED_VARIABLE = YES;
				MACOSX_DEPLOYMENT_TARGET = 11.1;
				MTL_ENABLE_DEBUG_INFO = INCLUDE_SOURCE;
				MTL_FAST_MATH = YES;
				ONLY_ACTIVE_ARCH = YES;
				SDKROOT = macosx;
				SWIFT_ACTIVE_COMPILATION_CONDITIONS = DEBUG;
				SWIFT_OPTIMIZATION_LEVEL = "-Onone";
			};
			name = Debug;
		};
		ED6E758925F51FE3006387CA /* Release */ = {
			isa = XCBuildConfiguration;
			buildSettings = {
				ALWAYS_SEARCH_USER_PATHS = NO;
				CLANG_ANALYZER_NONNULL = YES;
				CLANG_ANALYZER_NUMBER_OBJECT_CONVERSION = YES_AGGRESSIVE;
				CLANG_CXX_LANGUAGE_STANDARD = "gnu++14";
				CLANG_CXX_LIBRARY = "libc++";
				CLANG_ENABLE_MODULES = YES;
				CLANG_ENABLE_OBJC_ARC = YES;
				CLANG_ENABLE_OBJC_WEAK = YES;
				CLANG_WARN_BLOCK_CAPTURE_AUTORELEASING = YES;
				CLANG_WARN_BOOL_CONVERSION = YES;
				CLANG_WARN_COMMA = YES;
				CLANG_WARN_CONSTANT_CONVERSION = YES;
				CLANG_WARN_DEPRECATED_OBJC_IMPLEMENTATIONS = YES;
				CLANG_WARN_DIRECT_OBJC_ISA_USAGE = YES_ERROR;
				CLANG_WARN_DOCUMENTATION_COMMENTS = YES;
				CLANG_WARN_EMPTY_BODY = YES;
				CLANG_WARN_ENUM_CONVERSION = YES;
				CLANG_WARN_INFINITE_RECURSION = YES;
				CLANG_WARN_INT_CONVERSION = YES;
				CLANG_WARN_NON_LITERAL_NULL_CONVERSION = YES;
				CLANG_WARN_OBJC_IMPLICIT_RETAIN_SELF = YES;
				CLANG_WARN_OBJC_LITERAL_CONVERSION = YES;
				CLANG_WARN_OBJC_ROOT_CLASS = YES_ERROR;
				CLANG_WARN_QUOTED_INCLUDE_IN_FRAMEWORK_HEADER = YES;
				CLANG_WARN_RANGE_LOOP_ANALYSIS = YES;
				CLANG_WARN_STRICT_PROTOTYPES = YES;
				CLANG_WARN_SUSPICIOUS_MOVE = YES;
				CLANG_WARN_UNGUARDED_AVAILABILITY = YES_AGGRESSIVE;
				CLANG_WARN_UNREACHABLE_CODE = YES;
				CLANG_WARN__DUPLICATE_METHOD_MATCH = YES;
				COPY_PHASE_STRIP = NO;
				DEBUG_INFORMATION_FORMAT = "dwarf-with-dsym";
				ENABLE_NS_ASSERTIONS = NO;
				ENABLE_STRICT_OBJC_MSGSEND = YES;
				GCC_C_LANGUAGE_STANDARD = gnu11;
				GCC_NO_COMMON_BLOCKS = YES;
				GCC_WARN_64_TO_32_BIT_CONVERSION = YES;
				GCC_WARN_ABOUT_RETURN_TYPE = YES_ERROR;
				GCC_WARN_UNDECLARED_SELECTOR = YES;
				GCC_WARN_UNINITIALIZED_AUTOS = YES_AGGRESSIVE;
				GCC_WARN_UNUSED_FUNCTION = YES;
				GCC_WARN_UNUSED_VARIABLE = YES;
				MACOSX_DEPLOYMENT_TARGET = 11.1;
				MTL_ENABLE_DEBUG_INFO = NO;
				MTL_FAST_MATH = YES;
				SDKROOT = macosx;
				SWIFT_COMPILATION_MODE = wholemodule;
				SWIFT_OPTIMIZATION_LEVEL = "-O";
			};
			name = Release;
		};
		ED6E758B25F51FE4006387CA /* Debug */ = {
			isa = XCBuildConfiguration;
			buildSettings = {
				ASSETCATALOG_COMPILER_APPICON_NAME = AppIcon;
				ASSETCATALOG_COMPILER_GLOBAL_ACCENT_COLOR_NAME = AccentColor;
				CODE_SIGN_ENTITLEMENTS = upbitBar/upbitBar.entitlements;
				CODE_SIGN_IDENTITY = "-";
				CODE_SIGN_STYLE = Automatic;
				COMBINE_HIDPI_IMAGES = YES;
				CURRENT_PROJECT_VERSION = 1;
				DEVELOPMENT_TEAM = U6GQL8JQMT;
				ENABLE_HARDENED_RUNTIME = YES;
				INFOPLIST_FILE = Sources/Info.plist;
				LD_RUNPATH_SEARCH_PATHS = (
					"$(inherited)",
					"@executable_path/../Frameworks",
				);
				MACOSX_DEPLOYMENT_TARGET = 10.15;
				MARKETING_VERSION = 1.0;
				PRODUCT_BUNDLE_IDENTIFIER = com.tmsae.upbitBar;
				PRODUCT_NAME = "$(TARGET_NAME)";
				SWIFT_VERSION = 5.0;
			};
			name = Debug;
		};
		ED6E758C25F51FE4006387CA /* Release */ = {
			isa = XCBuildConfiguration;
			buildSettings = {
				ASSETCATALOG_COMPILER_APPICON_NAME = AppIcon;
				ASSETCATALOG_COMPILER_GLOBAL_ACCENT_COLOR_NAME = AccentColor;
				CODE_SIGN_ENTITLEMENTS = upbitBar/upbitBar.entitlements;
				CODE_SIGN_IDENTITY = "-";
				CODE_SIGN_STYLE = Automatic;
				COMBINE_HIDPI_IMAGES = YES;
				CURRENT_PROJECT_VERSION = 1;
				DEVELOPMENT_TEAM = U6GQL8JQMT;
				ENABLE_HARDENED_RUNTIME = YES;
				INFOPLIST_FILE = Sources/Info.plist;
				LD_RUNPATH_SEARCH_PATHS = (
					"$(inherited)",
					"@executable_path/../Frameworks",
				);
				MACOSX_DEPLOYMENT_TARGET = 10.15;
				MARKETING_VERSION = 1.0;
				PRODUCT_BUNDLE_IDENTIFIER = com.tmsae.upbitBar;
				PRODUCT_NAME = "$(TARGET_NAME)";
				SWIFT_VERSION = 5.0;
			};
			name = Release;
		};
/* End XCBuildConfiguration section */

/* Begin XCConfigurationList section */
		ED6E757525F51FE2006387CA /* Build configuration list for PBXProject "upbitBar" */ = {
			isa = XCConfigurationList;
			buildConfigurations = (
				ED6E758825F51FE3006387CA /* Debug */,
				ED6E758925F51FE3006387CA /* Release */,
			);
			defaultConfigurationIsVisible = 0;
			defaultConfigurationName = Release;
		};
		ED6E758A25F51FE4006387CA /* Build configuration list for PBXNativeTarget "upbitBar" */ = {
			isa = XCConfigurationList;
			buildConfigurations = (
				ED6E758B25F51FE4006387CA /* Debug */,
				ED6E758C25F51FE4006387CA /* Release */,
			);
			defaultConfigurationIsVisible = 0;
			defaultConfigurationName = Release;
		};
/* End XCConfigurationList section */

/* Begin XCRemoteSwiftPackageReference section */
		ED6E758E25F5204B006387CA /* XCRemoteSwiftPackageReference "Just" */ = {
			isa = XCRemoteSwiftPackageReference;
			repositoryURL = "https://github.com/dduan/Just";
			requirement = {
				kind = upToNextMajorVersion;
				minimumVersion = 0.8.0;
			};
		};
		ED6E759225F5224B006387CA /* XCRemoteSwiftPackageReference "JWTComponents" */ = {
			isa = XCRemoteSwiftPackageReference;
			repositoryURL = "https://github.com/couchdeveloper/JWTComponents";
			requirement = {
				kind = upToNextMajorVersion;
				minimumVersion = 0.4.0;
			};
		};
		ED6E759725F522EC006387CA /* XCRemoteSwiftPackageReference "then" */ = {
			isa = XCRemoteSwiftPackageReference;
			repositoryURL = "http://github.com/devxoul/then";
			requirement = {
				kind = upToNextMajorVersion;
				minimumVersion = 2.7.0;
			};
		};
		ED6E75A525F53056006387CA /* XCRemoteSwiftPackageReference "swift-log" */ = {
			isa = XCRemoteSwiftPackageReference;
			repositoryURL = "https://github.com/apple/swift-log";
			requirement = {
				kind = upToNextMajorVersion;
				minimumVersion = 1.4.2;
			};
		};
		ED6E75AF25F54B0E006387CA /* XCRemoteSwiftPackageReference "LaunchAtLogin" */ = {
			isa = XCRemoteSwiftPackageReference;
			repositoryURL = "https://github.com/sindresorhus/LaunchAtLogin";
			requirement = {
				kind = upToNextMajorVersion;
				minimumVersion = 4.0.0;
			};
		};
		ED6E765825F64BC5006387CA /* XCRemoteSwiftPackageReference "SnapKit" */ = {
			isa = XCRemoteSwiftPackageReference;
			repositoryURL = "https://github.com/SnapKit/SnapKit";
			requirement = {
				kind = upToNextMajorVersion;
				minimumVersion = 5.0.1;
			};
		};
/* End XCRemoteSwiftPackageReference section */

/* Begin XCSwiftPackageProductDependency section */
		ED6E758F25F5204B006387CA /* Just */ = {
			isa = XCSwiftPackageProductDependency;
			package = ED6E758E25F5204B006387CA /* XCRemoteSwiftPackageReference "Just" */;
			productName = Just;
		};
		ED6E759325F5224B006387CA /* JWTComponents */ = {
			isa = XCSwiftPackageProductDependency;
			package = ED6E759225F5224B006387CA /* XCRemoteSwiftPackageReference "JWTComponents" */;
			productName = JWTComponents;
		};
		ED6E759825F522EC006387CA /* Then */ = {
			isa = XCSwiftPackageProductDependency;
			package = ED6E759725F522EC006387CA /* XCRemoteSwiftPackageReference "then" */;
			productName = Then;
		};
		ED6E75A625F53056006387CA /* Logging */ = {
			isa = XCSwiftPackageProductDependency;
			package = ED6E75A525F53056006387CA /* XCRemoteSwiftPackageReference "swift-log" */;
			productName = Logging;
		};
		ED6E75B025F54B0E006387CA /* LaunchAtLogin */ = {
			isa = XCSwiftPackageProductDependency;
			package = ED6E75AF25F54B0E006387CA /* XCRemoteSwiftPackageReference "LaunchAtLogin" */;
			productName = LaunchAtLogin;
		};
		ED6E765925F64BC5006387CA /* SnapKit */ = {
			isa = XCSwiftPackageProductDependency;
			package = ED6E765825F64BC5006387CA /* XCRemoteSwiftPackageReference "SnapKit" */;
			productName = SnapKit;
		};
/* End XCSwiftPackageProductDependency section */
	};
	rootObject = ED6E757225F51FE2006387CA /* Project object */;
}
